// !$*UTF8*$!
{
	archiveVersion = 1;
	classes = {
	};
	objectVersion = 48;
	objects = {

/* Begin PBXBuildFile section */
		BB561DBD216F4EA900D4C14E /* AppDelegate.swift in Sources */ = {isa = PBXBuildFile; fileRef = BB561DBC216F4EA900D4C14E /* AppDelegate.swift */; };
		BB561DBF216F4EA900D4C14E /* ViewController.swift in Sources */ = {isa = PBXBuildFile; fileRef = BB561DBE216F4EA900D4C14E /* ViewController.swift */; };
		BB561DC2216F4EA900D4C14E /* Main.storyboard in Resources */ = {isa = PBXBuildFile; fileRef = BB561DC0216F4EA900D4C14E /* Main.storyboard */; };
		BB561DC4216F4EA900D4C14E /* Assets.xcassets in Resources */ = {isa = PBXBuildFile; fileRef = BB561DC3216F4EA900D4C14E /* Assets.xcassets */; };
		BB561DC7216F4EA900D4C14E /* LaunchScreen.storyboard in Resources */ = {isa = PBXBuildFile; fileRef = BB561DC5216F4EA900D4C14E /* LaunchScreen.storyboard */; };
/* End PBXBuildFile section */

/* Begin PBXFileReference section */
		BB561DB9216F4EA900D4C14E /* disneyStory.app */ = {isa = PBXFileReference; explicitFileType = wrapper.application; includeInIndex = 0; path = disneyStory.app; sourceTree = BUILT_PRODUCTS_DIR; };
		BB561DBC216F4EA900D4C14E /* AppDelegate.swift */ = {isa = PBXFileReference; lastKnownFileType = sourcecode.swift; path = AppDelegate.swift; sourceTree = "<group>"; };
		BB561DBE216F4EA900D4C14E /* ViewController.swift */ = {isa = PBXFileReference; lastKnownFileType = sourcecode.swift; path = ViewController.swift; sourceTree = "<group>"; };
		BB561DC1216F4EA900D4C14E /* Base */ = {isa = PBXFileReference; lastKnownFileType = file.storyboard; name = Base; path = Base.lproj/Main.storyboard; sourceTree = "<group>"; };
		BB561DC3216F4EA900D4C14E /* Assets.xcassets */ = {isa = PBXFileReference; lastKnownFileType = folder.assetcatalog; path = Assets.xcassets; sourceTree = "<group>"; };
		BB561DC6216F4EA900D4C14E /* Base */ = {isa = PBXFileReference; lastKnownFileType = file.storyboard; name = Base; path = Base.lproj/LaunchScreen.storyboard; sourceTree = "<group>"; };
		BB561DC8216F4EA900D4C14E /* Info.plist */ = {isa = PBXFileReference; lastKnownFileType = text.plist.xml; path = Info.plist; sourceTree = "<group>"; };
/* End PBXFileReference section */

/* Begin PBXFrameworksBuildPhase section */
		BB561DB6216F4EA900D4C14E /* Frameworks */ = {
			isa = PBXFrameworksBuildPhase;
			buildActionMask = 2147483647;
			files = (
			);
			runOnlyForDeploymentPostprocessing = 0;
		};
/* End PBXFrameworksBuildPhase section */

/* Begin PBXGroup section */
		BB561DB0216F4EA900D4C14E = {
			isa = PBXGroup;
			children = (
				BB561DBB216F4EA900D4C14E /* disneyStory */,
				BB561DBA216F4EA900D4C14E /* Products */,
			);
			sourceTree = "<group>";
		};
		BB561DBA216F4EA900D4C14E /* Products */ = {
			isa = PBXGroup;
			children = (
				BB561DB9216F4EA900D4C14E /* disneyStory.app */,
			);
			name = Products;
			sourceTree = "<group>";
		};
		BB561DBB216F4EA900D4C14E /* disneyStory */ = {
			isa = PBXGroup;
			children = (
				BB561DBC216F4EA900D4C14E /* AppDelegate.swift */,
				BB561DBE216F4EA900D4C14E /* ViewController.swift */,
				BB561DC0216F4EA900D4C14E /* Main.storyboard */,
				BB561DC3216F4EA900D4C14E /* Assets.xcassets */,
				BB561DC5216F4EA900D4C14E /* LaunchScreen.storyboard */,
				BB561DC8216F4EA900D4C14E /* Info.plist */,
			);
			path = disneyStory;
			sourceTree = "<group>";
		};
/* End PBXGroup section */

/* Begin PBXNativeTarget section */
		BB561DB8216F4EA900D4C14E /* disneyStory */ = {
			isa = PBXNativeTarget;
			buildConfigurationList = BB561DCB216F4EA900D4C14E /* Build configuration list for PBXNativeTarget "disneyStory" */;
			buildPhases = (
				BB561DB5216F4EA900D4C14E /* Sources */,
				BB561DB6216F4EA900D4C14E /* Frameworks */,
				BB561DB7216F4EA900D4C14E /* Resources */,
			);
			buildRules = (
			);
			dependencies = (
			);
			name = disneyStory;
			productName = disneyStory;
			productReference = BB561DB9216F4EA900D4C14E /* disneyStory.app */;
			productType = "com.apple.product-type.application";
		};
/* End PBXNativeTarget section */

/* Begin PBXProject section */
		BB561DB1216F4EA900D4C14E /* Project object */ = {
			isa = PBXProject;
			attributes = {
				LastSwiftUpdateCheck = 0920;
				LastUpgradeCheck = 0920;
				ORGANIZATIONNAME = MohamedNa3em;
				TargetAttributes = {
					BB561DB8216F4EA900D4C14E = {
						CreatedOnToolsVersion = 9.2;
						ProvisioningStyle = Automatic;
					};
				};
			};
			buildConfigurationList = BB561DB4216F4EA900D4C14E /* Build configuration list for PBXProject "disneyStory" */;
			compatibilityVersion = "Xcode 8.0";
			developmentRegion = en;
			hasScannedForEncodings = 0;
			knownRegions = (
				en,
				Base,
			);
			mainGroup = BB561DB0216F4EA900D4C14E;
			productRefGroup = BB561DBA216F4EA900D4C14E /* Products */;
			projectDirPath = "";
			projectRoot = "";
			targets = (
				BB561DB8216F4EA900D4C14E /* disneyStory */,
			);
		};
/* End PBXProject section */

/* Begin PBXResourcesBuildPhase section */
		BB561DB7216F4EA900D4C14E /* Resources */ = {
			isa = PBXResourcesBuildPhase;
			buildActionMask = 2147483647;
			files = (
				BB561DC7216F4EA900D4C14E /* LaunchScreen.storyboard in Resources */,
				BB561DC4216F4EA900D4C14E /* Assets.xcassets in Resources */,
				BB561DC2216F4EA900D4C14E /* Main.storyboard in Resources */,
			);
			runOnlyForDeploymentPostprocessing = 0;
		};
/* End PBXResourcesBuildPhase section */

/* Begin PBXSourcesBuildPhase section */
		BB561DB5216F4EA900D4C14E /* Sources */ = {
			isa = PBXSourcesBuildPhase;
			buildActionMask = 2147483647;
			files = (
				BB561DBF216F4EA900D4C14E /* ViewController.swift in Sources */,
				BB561DBD216F4EA900D4C14E /* AppDelegate.swift in Sources */,
			);
			runOnlyForDeploymentPostprocessing = 0;
		};
/* End PBXSourcesBuildPhase section */

/* Begin PBXVariantGroup section */
		BB561DC0216F4EA900D4C14E /* Main.storyboard */ = {
			isa = PBXVariantGroup;
			children = (
				BB561DC1216F4EA900D4C14E /* Base */,
			);
			name = Main.storyboard;
			sourceTree = "<group>";
		};
		BB561DC5216F4EA900D4C14E /* LaunchScreen.storyboard */ = {
			isa = PBXVariantGroup;
			children = (
				BB561DC6216F4EA900D4C14E /* Base */,
			);
			name = LaunchScreen.storyboard;
			sourceTree = "<group>";
		};
/* End PBXVariantGroup section */

/* Begin XCBuildConfiguration section */
		BB561DC9216F4EA900D4C14E /* Debug */ = {
			isa = XCBuildConfiguration;
			buildSettings = {
				ALWAYS_SEARCH_USER_PATHS = NO;
				CLANG_ANALYZER_NONNULL = YES;
				CLANG_ANALYZER_NUMBER_OBJECT_CONVERSION = YES_AGGRESSIVE;
				CLANG_CXX_LANGUAGE_STANDARD = "gnu++14";
				CLANG_CXX_LIBRARY = "libc++";
				CLANG_ENABLE_MODULES = YES;
				CLANG_ENABLE_OBJC_ARC = YES;
				CLANG_WARN_BLOCK_CAPTURE_AUTORELEASING = YES;
				CLANG_WARN_BOOL_CONVERSION = YES;
				CLANG_WARN_COMMA = YES;
				CLANG_WARN_CONSTANT_CONVERSION = YES;
				CLANG_WARN_DIRECT_OBJC_ISA_USAGE = YES_ERROR;
				CLANG_WARN_DOCUMENTATION_COMMENTS = YES;
				CLANG_WARN_EMPTY_BODY = YES;
				CLANG_WARN_ENUM_CONVERSION = YES;
				CLANG_WARN_INFINITE_RECURSION = YES;
				CLANG_WARN_INT_CONVERSION = YES;
				CLANG_WARN_NON_LITERAL_NULL_CONVERSION = YES;
				CLANG_WARN_OBJC_LITERAL_CONVERSION = YES;
				CLANG_WARN_OBJC_ROOT_CLASS = YES_ERROR;
				CLANG_WARN_RANGE_LOOP_ANALYSIS = YES;
				CLANG_WARN_STRICT_PROTOTYPES = YES;
				CLANG_WARN_SUSPICIOUS_MOVE = YES;
				CLANG_WARN_UNGUARDED_AVAILABILITY = YES_AGGRESSIVE;
				CLANG_WARN_UNREACHABLE_CODE = YES;
				CLANG_WARN__DUPLICATE_METHOD_MATCH = YES;
				CODE_SIGN_IDENTITY = "iPhone Developer";
				COPY_PHASE_STRIP = NO;
				DEBUG_INFORMATION_FORMAT = dwarf;
				ENABLE_STRICT_OBJC_MSGSEND = YES;
				ENABLE_TESTABILITY = YES;
				GCC_C_LANGUAGE_STANDARD = gnu11;
				GCC_DYNAMIC_NO_PIC = NO;
				GCC_NO_COMMON_BLOCKS = YES;
				GCC_OPTIMIZATION_LEVEL = 0;
				GCC_PREPROCESSOR_DEFINITIONS = (
					"DEBUG=1",
					"$(inherited)",
				);
				GCC_WARN_64_TO_32_BIT_CONVERSION = YES;
				GCC_WARN_ABOUT_RETURN_TYPE = YES_ERROR;
				GCC_WARN_UNDECLARED_SELECTOR = YES;
				GCC_WARN_UNINITIALIZED_AUTOS = YES_AGGRESSIVE;
				GCC_WARN_UNUSED_FUNCTION = YES;
				GCC_WARN_UNUSED_VARIABLE = YES;
				IPHONEOS_DEPLOYMENT_TARGET = 11.2;
				MTL_ENABLE_DEBUG_INFO = YES;
				ONLY_ACTIVE_ARCH = YES;
				SDKROOT = iphoneos;
				SWIFT_ACTIVE_COMPILATION_CONDITIONS = DEBUG;
				SWIFT_OPTIMIZATION_LEVEL = "-Onone";
			};
			name = Debug;
		};
		BB561DCA216F4EA900D4C14E /* Release */ = {
			isa = XCBuildConfiguration;
			buildSettings = {
				ALWAYS_SEARCH_USER_PATHS = NO;
				CLANG_ANALYZER_NONNULL = YES;
				CLANG_ANALYZER_NUMBER_OBJECT_CONVERSION = YES_AGGRESSIVE;
				CLANG_CXX_LANGUAGE_STANDARD = "gnu++14";
				CLANG_CXX_LIBRARY = "libc++";
				CLANG_ENABLE_MODULES = YES;
				CLANG_ENABLE_OBJC_ARC = YES;
				CLANG_WARN_BLOCK_CAPTURE_AUTORELEASING = YES;
				CLANG_WARN_BOOL_CONVERSION = YES;
				CLANG_WARN_COMMA = YES;
				CLANG_WARN_CONSTANT_CONVERSION = YES;
				CLANG_WARN_DIRECT_OBJC_ISA_USAGE = YES_ERROR;
				CLANG_WARN_DOCUMENTATION_COMMENTS = YES;
				CLANG_WARN_EMPTY_BODY = YES;
				CLANG_WARN_ENUM_CONVERSION = YES;
				CLANG_WARN_INFINITE_RECURSION = YES;
				CLANG_WARN_INT_CONVERSION = YES;
				CLANG_WARN_NON_LITERAL_NULL_CONVERSION = YES;
				CLANG_WARN_OBJC_LITERAL_CONVERSION = YES;
				CLANG_WARN_OBJC_ROOT_CLASS = YES_ERROR;
				CLANG_WARN_RANGE_LOOP_ANALYSIS = YES;
				CLANG_WARN_STRICT_PROTOTYPES = YES;
				CLANG_WARN_SUSPICIOUS_MOVE = YES;
				CLANG_WARN_UNGUARDED_AVAILABILITY = YES_AGGRESSIVE;
				CLANG_WARN_UNREACHABLE_CODE = YES;
				CLANG_WARN__DUPLICATE_METHOD_MATCH = YES;
				CODE_SIGN_IDENTITY = "iPhone Developer";
				COPY_PHASE_STRIP = NO;
				DEBUG_INFORMATION_FORMAT = "dwarf-with-dsym";
				ENABLE_NS_ASSERTIONS = NO;
				ENABLE_STRICT_OBJC_MSGSEND = YES;
				GCC_C_LANGUAGE_STANDARD = gnu11;
				GCC_NO_COMMON_BLOCKS = YES;
				GCC_WARN_64_TO_32_BIT_CONVERSION = YES;
				GCC_WARN_ABOUT_RETURN_TYPE = YES_ERROR;
				GCC_WARN_UNDECLARED_SELECTOR = YES;
				GCC_WARN_UNINITIALIZED_AUTOS = YES_AGGRESSIVE;
				GCC_WARN_UNUSED_FUNCTION = YES;
				GCC_WARN_UNUSED_VARIABLE = YES;
				IPHONEOS_DEPLOYMENT_TARGET = 11.2;
				MTL_ENABLE_DEBUG_INFO = NO;
				SDKROOT = iphoneos;
				SWIFT_OPTIMIZATION_LEVEL = "-Owholemodule";
				VALIDATE_PRODUCT = YES;
			};
			name = Release;
		};
		BB561DCC216F4EA900D4C14E /* Debug */ = {
			isa = XCBuildConfiguration;
			buildSettings = {
				ASSETCATALOG_COMPILER_APPICON_NAME = AppIcon;
				CODE_SIGN_STYLE = Automatic;
				INFOPLIST_FILE = disneyStory/Info.plist;
				LD_RUNPATH_SEARCH_PATHS = "$(inherited) @executable_path/Frameworks";
				PRODUCT_BUNDLE_IDENTIFIER = com.n3em.disneyStory;
				PRODUCT_NAME = "$(TARGET_NAME)";
				SWIFT_VERSION = 4.0;
				TARGETED_DEVICE_FAMILY = "1,2";
			};
			name = Debug;
		};
		BB561DCD216F4EA900D4C14E /* Release */ = {
			isa = XCBuildConfiguration;
			buildSettings = {
				ASSETCATALOG_COMPILER_APPICON_NAME = AppIcon;
				CODE_SIGN_STYLE = Automatic;
				INFOPLIST_FILE = disneyStory/Info.plist;
				LD_RUNPATH_SEARCH_PATHS = "$(inherited) @executable_path/Frameworks";
				PRODUCT_BUNDLE_IDENTIFIER = com.n3em.disneyStory;
				PRODUCT_NAME = "$(TARGET_NAME)";
				SWIFT_VERSION = 4.0;
				TARGETED_DEVICE_FAMILY = "1,2";
			};
			name = Release;
		};
/* End XCBuildConfiguration section */

/* Begin XCConfigurationList section */
		BB561DB4216F4EA900D4C14E /* Build configuration list for PBXProject "disneyStory" */ = {
			isa = XCConfigurationList;
			buildConfigurations = (
				BB561DC9216F4EA900D4C14E /* Debug */,
				BB561DCA216F4EA900D4C14E /* Release */,
			);
			defaultConfigurationIsVisible = 0;
			defaultConfigurationName = Release;
		};
		BB561DCB216F4EA900D4C14E /* Build configuration list for PBXNativeTarget "disneyStory" */ = {
			isa = XCConfigurationList;
			buildConfigurations = (
				BB561DCC216F4EA900D4C14E /* Debug */,
				BB561DCD216F4EA900D4C14E /* Release */,
			);
			defaultConfigurationIsVisible = 0;
			defaultConfigurationName = Release;
		};
/* End XCConfigurationList section */
	};
	rootObject = BB561DB1216F4EA900D4C14E /* Project object */;
}
